{
  "nodes": {
    "fenix": {
      "inputs": {
        "nixpkgs": [
          "nixpkgs"
        ],
        "rust-analyzer-src": "rust-analyzer-src"
      },
      "locked": {
        "lastModified": 1774163246,
        "narHash": "sha256-gzlqyLjP44LWraUd3Zn4xrQKOtK+zcBJ77pnsSUsxcM=",
        "owner": "nix-community",
        "repo": "fenix",
        "rev": "4cd28929c68cae521589bc21958d3793904ed1e2",
        "type": "github"
      },
      "original": {
        "owner": "nix-community",
        "repo": "fenix",
        "type": "github"
      }
    },
    "flake-compat": {
      "flake": false,
      "locked": {
        "lastModified": 1767039857,
        "narHash": "sha256-vNpUSpF5Nuw8xvDLj2KCwwksIbjua2LZCqhV1LNRDns=",
        "owner": "NixOS",
        "repo": "flake-compat",
        "rev": "5edf11c44bc78a0d334f6334cdaf7d60d732daab",
        "type": "github"
      },
      "original": {
        "owner": "NixOS",
        "repo": "flake-compat",
        "type": "github"
      }
    },
    "gitignore": {
      "inputs": {
        "nixpkgs": [
          "hooks",
          "nixpkgs"
        ]
      },
      "locked": {
        "lastModified": 1709087332,
        "narHash": "sha256-HG2cCnktfHsKV0s4XW83gU3F57gaTljL9KNSuG6bnQs=",
        "owner": "hercules-ci",
        "repo": "gitignore.nix",
        "rev": "637db329424fd7e46cf4185293b9cc8c88c95394",
        "type": "github"
      },
      "original": {
        "owner": "hercules-ci",
        "repo": "gitignore.nix",
        "type": "github"
      }
    },
    "hooks": {
      "inputs": {
        "flake-compat": "flake-compat",
        "gitignore": "gitignore",
        "nixpkgs": [
          "nixpkgs"
        ]
      },
      "locked": {
        "lastModified": 1774104215,
        "narHash": "sha256-EAtviqz0sEAxdHS4crqu7JGR5oI3BwaqG0mw7CmXkO8=",
        "owner": "cachix",
        "repo": "git-hooks.nix",
        "rev": "f799ae951fde0627157f40aec28dec27b22076d0",
        "type": "github"
      },
      "original": {
        "owner": "cachix",
        "repo": "git-hooks.nix",
        "type": "github"
      }
    },
    "nixpkgs": {
      "locked": {
        "lastModified": 1773964973,
        "narHash": "sha256-NV/J+tTER0P5iJhUDL/8HO5MDjDceLQPRUYgdmy5wXw=",
        "owner": "NixOS",
        "repo": "nixpkgs",
        "rev": "812b3986fd1568f7a858f97fcf425ad996ba7d25",
        "type": "github"
      },
      "original": {
        "owner": "NixOS",
        "ref": "nixos-25.11",
        "repo": "nixpkgs",
        "type": "github"
      }
    },
    "root": {
      "inputs": {
        "fenix": "fenix",
        "hooks": "hooks",
        "nixpkgs": "nixpkgs"
      }
    },
    "rust-analyzer-src": {
      "flake": false,
      "locked": {
        "lastModified": 1774097238,
        "narHash": "sha256-hcujm/qEX4RUybdBCrQKdQNqTRYDItmnbjJRP5ky5vc=",
        "owner": "rust-lang",
        "repo": "rust-analyzer",
        "rev": "76de1de27c0ca1329bc41324edab22c82d69e779",
        "type": "github"
      },
      "original": {
        "owner": "rust-lang",
        "ref": "nightly",
        "repo": "rust-analyzer",
        "type": "github"
      }
    }
  },
  "root": "root",
  "version": 7
}
